
Microsoft Visual Studio Solution File, Format Version 12.00
# Visual Studio Version 16
VisualStudioVersion = 16.0.29306.81
MinimumVisualStudioVersion = 10.0.40219.1
Project("{8BC9CEB8-8B4A-11D0-8D11-00A0C91BC942}") = "sl_list", "sl_list\sl_list.vcxproj", "{26B19974-A1C5-407C-BD24-5CA50CD3C2FE}"
EndProject
Global
	GlobalSection(SolutionConfigurationPlatforms) = preSolution
		Debug|x64 = Debug|x64
		Debug|x86 = Debug|x86
		Release|x64 = Release|x64
		Release|x86 = Release|x86
	EndGlobalSection
	GlobalSection(ProjectConfigurationPlatforms) = postSolution
		{26B19974-A1C5-407C-BD24-5CA50CD3C2FE}.Debug|x64.ActiveCfg = Debug|x64
		{26B19974-A1C5-407C-BD24-5CA50CD3C2FE}.Debug|x64.Build.0 = Debug|x64
		{26B19974-A1C5-407C-BD24-5CA50CD3C2FE}.Debug|x86.ActiveCfg = Debug|Win32
		{26B19974-A1C5-407C-BD24-5CA50CD3C2FE}.Debug|x86.Build.0 = Debug|Win32
		{26B19974-A1C5-407C-BD24-5CA50CD3C2FE}.Release|x64.ActiveCfg = Release|x64
		{26B19974-A1C5-407C-BD24-5CA50CD3C2FE}.Release|x64.Build.0 = Release|x64
		{26B19974-A1C5-407C-BD24-5CA50CD3C2FE}.Release|x86.ActiveCfg = Release|Win32
		{26B19974-A1C5-407C-BD24-5CA50CD3C2FE}.Release|x86.Build.0 = Release|Win32
	EndGlobalSection
	GlobalSection(SolutionProperties) = preSolution
		HideSolutionNode = FALSE
	EndGlobalSection
	GlobalSection(ExtensibilityGlobals) = postSolution
		SolutionGuid = {3FA68989-F2E1-48C8-B2D8-8B4E06A6B77F}
	EndGlobalSection
EndGlobal
